PODS:
  - CategoryToolOC (0.2.2):
    - CategoryToolOC/Date (= 0.2.2)
    - CategoryToolOC/NSString (= 0.2.2)
    - CategoryToolOC/System (= 0.2.2)
    - CategoryToolOC/UIButton (= 0.2.2)
    - CategoryToolOC/UIColor (= 0.2.2)
    - CategoryToolOC/UIFont (= 0.2.2)
    - CategoryToolOC/UIImage (= 0.2.2)
    - CategoryToolOC/UIScrollView (= 0.2.2)
    - CategoryToolOC/UITextField (= 0.2.2)
    - CategoryToolOC/UIView (= 0.2.2)
    - CategoryToolOC/UIViewController (= 0.2.2)
    - CategoryToolOC/WKWebView (= 0.2.2)
  - CategoryToolOC/Date (0.2.2)
  - CategoryToolOC/NSString (0.2.2)
  - CategoryToolOC/System (0.2.2)
  - CategoryToolOC/UIButton (0.2.2)
  - CategoryToolOC/UIColor (0.2.2)
  - CategoryToolOC/UIFont (0.2.2)
  - CategoryToolOC/UIImage (0.2.2)
  - CategoryToolOC/UIScrollView (0.2.2)
  - CategoryToolOC/UITextField (0.2.2)
  - CategoryToolOC/UIView (0.2.2)
  - CategoryToolOC/UIViewController (0.2.2)
  - CategoryToolOC/WKWebView (0.2.2)

DEPENDENCIES:
  - CategoryToolOC (from `../`)

EXTERNAL SOURCES:
  CategoryToolOC:
    :path: "../"

SPEC CHECKSUMS:
  CategoryToolOC: a1d6d2bbc6c424ac927284399a3788c73206cc64

PODFILE CHECKSUM: 81346bbcc21d99ad42173edf28021460e357da67

COCOAPODS: 1.11.2
