PODS:
  - CategoryToolOC (0.1.2):
    - CategoryToolOC/UIColor (= 0.1.2)
    - CategoryToolOC/UIImage (= 0.1.2)
  - CategoryToolOC/UIColor (0.1.2)
  - CategoryToolOC/UIImage (0.1.2)

DEPENDENCIES:
  - CategoryToolOC (from `../`)

EXTERNAL SOURCES:
  CategoryToolOC:
    :path: "../"

SPEC CHECKSUMS:
  CategoryToolOC: 68636ae24a51e9463e5ca7d39e97480b2bce6889

PODFILE CHECKSUM: 81346bbcc21d99ad42173edf28021460e357da67

COCOAPODS: 1.11.2
