PODS:
  - CategoryToolOC (0.2.0):
    - CategoryToolOC/Date (= 0.2.0)
    - CategoryToolOC/NSString (= 0.2.0)
    - CategoryToolOC/UIButton (= 0.2.0)
    - CategoryToolOC/UIColor (= 0.2.0)
    - CategoryToolOC/UIFont (= 0.2.0)
    - CategoryToolOC/UIImage (= 0.2.0)
    - CategoryToolOC/UITextField (= 0.2.0)
    - CategoryToolOC/UIView (= 0.2.0)
    - CategoryToolOC/UIViewController (= 0.2.0)
    - CategoryToolOC/WKWebView (= 0.2.0)
  - CategoryToolOC/Date (0.2.0)
  - CategoryToolOC/NSString (0.2.0)
  - CategoryToolOC/UIButton (0.2.0)
  - CategoryToolOC/UIColor (0.2.0)
  - CategoryToolOC/UIFont (0.2.0)
  - CategoryToolOC/UIImage (0.2.0)
  - CategoryToolOC/UITextField (0.2.0)
  - CategoryToolOC/UIView (0.2.0)
  - CategoryToolOC/UIViewController (0.2.0)
  - CategoryToolOC/WKWebView (0.2.0)

DEPENDENCIES:
  - CategoryToolOC (from `../`)

EXTERNAL SOURCES:
  CategoryToolOC:
    :path: "../"

SPEC CHECKSUMS:
  CategoryToolOC: 73383854cc33a10fb56e51893d1aac3153f010c6

PODFILE CHECKSUM: 81346bbcc21d99ad42173edf28021460e357da67

COCOAPODS: 1.11.2
